// !$*UTF8*$!
{
	archiveVersion = 1;
	classes = {
	};
	objectVersion = 55;
	objects = {

/* Begin PBXBuildFile section */
		DB1A0F5A271C0B4400B0B5E9 /* AppDelegate.swift in Sources */ = {isa = PBXBuildFile; fileRef = DB1A0F59271C0B4400B0B5E9 /* AppDelegate.swift */; };
		DB1A0F5C271C0B4400B0B5E9 /* SceneDelegate.swift in Sources */ = {isa = PBXBuildFile; fileRef = DB1A0F5B271C0B4400B0B5E9 /* SceneDelegate.swift */; };
		DB1A0F5E271C0B4400B0B5E9 /* ViewController.swift in Sources */ = {isa = PBXBuildFile; fileRef = DB1A0F5D271C0B4400B0B5E9 /* ViewController.swift */; };
		DB1A0F61271C0B4400B0B5E9 /* Main.storyboard in Resources */ = {isa = PBXBuildFile; fileRef = DB1A0F5F271C0B4400B0B5E9 /* Main.storyboard */; };
		DB1A0F63271C0B4500B0B5E9 /* Assets.xcassets in Resources */ = {isa = PBXBuildFile; fileRef = DB1A0F62271C0B4500B0B5E9 /* Assets.xcassets */; };
		DB1A0F66271C0B4500B0B5E9 /* LaunchScreen.storyboard in Resources */ = {isa = PBXBuildFile; fileRef = DB1A0F64271C0B4500B0B5E9 /* LaunchScreen.storyboard */; };
		DB1A0F6E271C10BA00B0B5E9 /* tasbeeh.swift in Sources */ = {isa = PBXBuildFile; fileRef = DB1A0F6D271C10BA00B0B5E9 /* tasbeeh.swift */; };
		DBF158E9271C1312006B2643 /* jahez.swift in Sources */ = {isa = PBXBuildFile; fileRef = DBF158E8271C1312006B2643 /* jahez.swift */; };
		DBF158EB271C1455006B2643 /* jahez vc2.swift in Sources */ = {isa = PBXBuildFile; fileRef = DBF158EA271C1455006B2643 /* jahez vc2.swift */; };
		DBF158ED271C154C006B2643 /* jahezcell.swift in Sources */ = {isa = PBXBuildFile; fileRef = DBF158EC271C154C006B2643 /* jahezcell.swift */; };
		DBF158EF271C1658006B2643 /* jahezcell1.swift in Sources */ = {isa = PBXBuildFile; fileRef = DBF158EE271C1658006B2643 /* jahezcell1.swift */; };
		DBF158F1271C17F9006B2643 /* to do list.swift in Sources */ = {isa = PBXBuildFile; fileRef = DBF158F0271C17F9006B2643 /* to do list.swift */; };
		DBF158F3271C1836006B2643 /* to do list cell.swift in Sources */ = {isa = PBXBuildFile; fileRef = DBF158F2271C1836006B2643 /* to do list cell.swift */; };
		DBF158F5271C191E006B2643 /* jahezData.swift in Sources */ = {isa = PBXBuildFile; fileRef = DBF158F4271C191E006B2643 /* jahezData.swift */; };
/* End PBXBuildFile section */

/* Begin PBXFileReference section */
		DB1A0F56271C0B4400B0B5E9 /* day 16.app */ = {isa = PBXFileReference; explicitFileType = wrapper.application; includeInIndex = 0; path = "day 16.app"; sourceTree = BUILT_PRODUCTS_DIR; };
		DB1A0F59271C0B4400B0B5E9 /* AppDelegate.swift */ = {isa = PBXFileReference; lastKnownFileType = sourcecode.swift; path = AppDelegate.swift; sourceTree = "<group>"; };
		DB1A0F5B271C0B4400B0B5E9 /* SceneDelegate.swift */ = {isa = PBXFileReference; lastKnownFileType = sourcecode.swift; path = SceneDelegate.swift; sourceTree = "<group>"; };
		DB1A0F5D271C0B4400B0B5E9 /* ViewController.swift */ = {isa = PBXFileReference; lastKnownFileType = sourcecode.swift; path = ViewController.swift; sourceTree = "<group>"; };
		DB1A0F60271C0B4400B0B5E9 /* Base */ = {isa = PBXFileReference; lastKnownFileType = file.storyboard; name = Base; path = Base.lproj/Main.storyboard; sourceTree = "<group>"; };
		DB1A0F62271C0B4500B0B5E9 /* Assets.xcassets */ = {isa = PBXFileReference; lastKnownFileType = folder.assetcatalog; path = Assets.xcassets; sourceTree = "<group>"; };
		DB1A0F65271C0B4500B0B5E9 /* Base */ = {isa = PBXFileReference; lastKnownFileType = file.storyboard; name = Base; path = Base.lproj/LaunchScreen.storyboard; sourceTree = "<group>"; };
		DB1A0F67271C0B4500B0B5E9 /* Info.plist */ = {isa = PBXFileReference; lastKnownFileType = text.plist.xml; path = Info.plist; sourceTree = "<group>"; };
		DB1A0F6D271C10BA00B0B5E9 /* tasbeeh.swift */ = {isa = PBXFileReference; lastKnownFileType = sourcecode.swift; path = tasbeeh.swift; sourceTree = "<group>"; };
		DBF158E8271C1312006B2643 /* jahez.swift */ = {isa = PBXFileReference; lastKnownFileType = sourcecode.swift; path = jahez.swift; sourceTree = "<group>"; };
		DBF158EA271C1455006B2643 /* jahez vc2.swift */ = {isa = PBXFileReference; lastKnownFileType = sourcecode.swift; path = "jahez vc2.swift"; sourceTree = "<group>"; };
		DBF158EC271C154C006B2643 /* jahezcell.swift */ = {isa = PBXFileReference; lastKnownFileType = sourcecode.swift; path = jahezcell.swift; sourceTree = "<group>"; };
		DBF158EE271C1658006B2643 /* jahezcell1.swift */ = {isa = PBXFileReference; lastKnownFileType = sourcecode.swift; path = jahezcell1.swift; sourceTree = "<group>"; };
		DBF158F0271C17F9006B2643 /* to do list.swift */ = {isa = PBXFileReference; lastKnownFileType = sourcecode.swift; path = "to do list.swift"; sourceTree = "<group>"; };
		DBF158F2271C1836006B2643 /* to do list cell.swift */ = {isa = PBXFileReference; lastKnownFileType = sourcecode.swift; path = "to do list cell.swift"; sourceTree = "<group>"; };
		DBF158F4271C191E006B2643 /* jahezData.swift */ = {isa = PBXFileReference; lastKnownFileType = sourcecode.swift; path = jahezData.swift; sourceTree = "<group>"; };
/* End PBXFileReference section */

/* Begin PBXFrameworksBuildPhase section */
		DB1A0F53271C0B4400B0B5E9 /* Frameworks */ = {
			isa = PBXFrameworksBuildPhase;
			buildActionMask = 2147483647;
			files = (
			);
			runOnlyForDeploymentPostprocessing = 0;
		};
/* End PBXFrameworksBuildPhase section */

/* Begin PBXGroup section */
		DB1A0F4D271C0B4400B0B5E9 = {
			isa = PBXGroup;
			children = (
				DB1A0F58271C0B4400B0B5E9 /* day 16 */,
				DB1A0F57271C0B4400B0B5E9 /* Products */,
			);
			sourceTree = "<group>";
		};
		DB1A0F57271C0B4400B0B5E9 /* Products */ = {
			isa = PBXGroup;
			children = (
				DB1A0F56271C0B4400B0B5E9 /* day 16.app */,
			);
			name = Products;
			sourceTree = "<group>";
		};
		DB1A0F58271C0B4400B0B5E9 /* day 16 */ = {
			isa = PBXGroup;
			children = (
				DB1A0F5B271C0B4400B0B5E9 /* SceneDelegate.swift */,
				DB1A0F59271C0B4400B0B5E9 /* AppDelegate.swift */,
				DB1A0F5D271C0B4400B0B5E9 /* ViewController.swift */,
				DB1A0F5F271C0B4400B0B5E9 /* Main.storyboard */,
				DB1A0F62271C0B4500B0B5E9 /* Assets.xcassets */,
				DB1A0F64271C0B4500B0B5E9 /* LaunchScreen.storyboard */,
				DB1A0F67271C0B4500B0B5E9 /* Info.plist */,
				DB1A0F6D271C10BA00B0B5E9 /* tasbeeh.swift */,
				DBF158E8271C1312006B2643 /* jahez.swift */,
				DBF158EA271C1455006B2643 /* jahez vc2.swift */,
				DBF158EC271C154C006B2643 /* jahezcell.swift */,
				DBF158EE271C1658006B2643 /* jahezcell1.swift */,
				DBF158F4271C191E006B2643 /* jahezData.swift */,
				DBF158F0271C17F9006B2643 /* to do list.swift */,
				DBF158F2271C1836006B2643 /* to do list cell.swift */,
			);
			path = "day 16";
			sourceTree = "<group>";
		};
/* End PBXGroup section */

/* Begin PBXNativeTarget section */
		DB1A0F55271C0B4400B0B5E9 /* day 16 */ = {
			isa = PBXNativeTarget;
			buildConfigurationList = DB1A0F6A271C0B4500B0B5E9 /* Build configuration list for PBXNativeTarget "day 16" */;
			buildPhases = (
				DB1A0F52271C0B4400B0B5E9 /* Sources */,
				DB1A0F53271C0B4400B0B5E9 /* Frameworks */,
				DB1A0F54271C0B4400B0B5E9 /* Resources */,
			);
			buildRules = (
			);
			dependencies = (
			);
			name = "day 16";
			productName = "day 16";
			productReference = DB1A0F56271C0B4400B0B5E9 /* day 16.app */;
			productType = "com.apple.product-type.application";
		};
/* End PBXNativeTarget section */

/* Begin PBXProject section */
		DB1A0F4E271C0B4400B0B5E9 /* Project object */ = {
			isa = PBXProject;
			attributes = {
				BuildIndependentTargetsInParallel = 1;
				LastSwiftUpdateCheck = 1300;
				LastUpgradeCheck = 1300;
				TargetAttributes = {
					DB1A0F55271C0B4400B0B5E9 = {
						CreatedOnToolsVersion = 13.0;
					};
				};
			};
			buildConfigurationList = DB1A0F51271C0B4400B0B5E9 /* Build configuration list for PBXProject "day 16" */;
			compatibilityVersion = "Xcode 13.0";
			developmentRegion = en;
			hasScannedForEncodings = 0;
			knownRegions = (
				en,
				Base,
			);
			mainGroup = DB1A0F4D271C0B4400B0B5E9;
			productRefGroup = DB1A0F57271C0B4400B0B5E9 /* Products */;
			projectDirPath = "";
			projectRoot = "";
			targets = (
				DB1A0F55271C0B4400B0B5E9 /* day 16 */,
			);
		};
/* End PBXProject section */

/* Begin PBXResourcesBuildPhase section */
		DB1A0F54271C0B4400B0B5E9 /* Resources */ = {
			isa = PBXResourcesBuildPhase;
			buildActionMask = 2147483647;
			files = (
				DB1A0F66271C0B4500B0B5E9 /* LaunchScreen.storyboard in Resources */,
				DB1A0F63271C0B4500B0B5E9 /* Assets.xcassets in Resources */,
				DB1A0F61271C0B4400B0B5E9 /* Main.storyboard in Resources */,
			);
			runOnlyForDeploymentPostprocessing = 0;
		};
/* End PBXResourcesBuildPhase section */

/* Begin PBXSourcesBuildPhase section */
		DB1A0F52271C0B4400B0B5E9 /* Sources */ = {
			isa = PBXSourcesBuildPhase;
			buildActionMask = 2147483647;
			files = (
				DBF158E9271C1312006B2643 /* jahez.swift in Sources */,
				DBF158F1271C17F9006B2643 /* to do list.swift in Sources */,
				DBF158EB271C1455006B2643 /* jahez vc2.swift in Sources */,
				DB1A0F6E271C10BA00B0B5E9 /* tasbeeh.swift in Sources */,
				DB1A0F5E271C0B4400B0B5E9 /* ViewController.swift in Sources */,
				DB1A0F5A271C0B4400B0B5E9 /* AppDelegate.swift in Sources */,
				DBF158ED271C154C006B2643 /* jahezcell.swift in Sources */,
				DBF158F5271C191E006B2643 /* jahezData.swift in Sources */,
				DBF158EF271C1658006B2643 /* jahezcell1.swift in Sources */,
				DBF158F3271C1836006B2643 /* to do list cell.swift in Sources */,
				DB1A0F5C271C0B4400B0B5E9 /* SceneDelegate.swift in Sources */,
			);
			runOnlyForDeploymentPostprocessing = 0;
		};
/* End PBXSourcesBuildPhase section */

/* Begin PBXVariantGroup section */
		DB1A0F5F271C0B4400B0B5E9 /* Main.storyboard */ = {
			isa = PBXVariantGroup;
			children = (
				DB1A0F60271C0B4400B0B5E9 /* Base */,
			);
			name = Main.storyboard;
			sourceTree = "<group>";
		};
		DB1A0F64271C0B4500B0B5E9 /* LaunchScreen.storyboard */ = {
			isa = PBXVariantGroup;
			children = (
				DB1A0F65271C0B4500B0B5E9 /* Base */,
			);
			name = LaunchScreen.storyboard;
			sourceTree = "<group>";
		};
/* End PBXVariantGroup section */

/* Begin XCBuildConfiguration section */
		DB1A0F68271C0B4500B0B5E9 /* Debug */ = {
			isa = XCBuildConfiguration;
			buildSettings = {
				ALWAYS_SEARCH_USER_PATHS = NO;
				CLANG_ANALYZER_NONNULL = YES;
				CLANG_ANALYZER_NUMBER_OBJECT_CONVERSION = YES_AGGRESSIVE;
				CLANG_CXX_LANGUAGE_STANDARD = "gnu++17";
				CLANG_CXX_LIBRARY = "libc++";
				CLANG_ENABLE_MODULES = YES;
				CLANG_ENABLE_OBJC_ARC = YES;
				CLANG_ENABLE_OBJC_WEAK = YES;
				CLANG_WARN_BLOCK_CAPTURE_AUTORELEASING = YES;
				CLANG_WARN_BOOL_CONVERSION = YES;
				CLANG_WARN_COMMA = YES;
				CLANG_WARN_CONSTANT_CONVERSION = YES;
				CLANG_WARN_DEPRECATED_OBJC_IMPLEMENTATIONS = YES;
				CLANG_WARN_DIRECT_OBJC_ISA_USAGE = YES_ERROR;
				CLANG_WARN_DOCUMENTATION_COMMENTS = YES;
				CLANG_WARN_EMPTY_BODY = YES;
				CLANG_WARN_ENUM_CONVERSION = YES;
				CLANG_WARN_INFINITE_RECURSION = YES;
				CLANG_WARN_INT_CONVERSION = YES;
				CLANG_WARN_NON_LITERAL_NULL_CONVERSION = YES;
				CLANG_WARN_OBJC_IMPLICIT_RETAIN_SELF = YES;
				CLANG_WARN_OBJC_LITERAL_CONVERSION = YES;
				CLANG_WARN_OBJC_ROOT_CLASS = YES_ERROR;
				CLANG_WARN_QUOTED_INCLUDE_IN_FRAMEWORK_HEADER = YES;
				CLANG_WARN_RANGE_LOOP_ANALYSIS = YES;
				CLANG_WARN_STRICT_PROTOTYPES = YES;
				CLANG_WARN_SUSPICIOUS_MOVE = YES;
				CLANG_WARN_UNGUARDED_AVAILABILITY = YES_AGGRESSIVE;
				CLANG_WARN_UNREACHABLE_CODE = YES;
				CLANG_WARN__DUPLICATE_METHOD_MATCH = YES;
				COPY_PHASE_STRIP = NO;
				DEBUG_INFORMATION_FORMAT = dwarf;
				ENABLE_STRICT_OBJC_MSGSEND = YES;
				ENABLE_TESTABILITY = YES;
				GCC_C_LANGUAGE_STANDARD = gnu11;
				GCC_DYNAMIC_NO_PIC = NO;
				GCC_NO_COMMON_BLOCKS = YES;
				GCC_OPTIMIZATION_LEVEL = 0;
				GCC_PREPROCESSOR_DEFINITIONS = (
					"DEBUG=1",
					"$(inherited)",
				);
				GCC_WARN_64_TO_32_BIT_CONVERSION = YES;
				GCC_WARN_ABOUT_RETURN_TYPE = YES_ERROR;
				GCC_WARN_UNDECLARED_SELECTOR = YES;
				GCC_WARN_UNINITIALIZED_AUTOS = YES_AGGRESSIVE;
				GCC_WARN_UNUSED_FUNCTION = YES;
				GCC_WARN_UNUSED_VARIABLE = YES;
				IPHONEOS_DEPLOYMENT_TARGET = 15.0;
				MTL_ENABLE_DEBUG_INFO = INCLUDE_SOURCE;
				MTL_FAST_MATH = YES;
				ONLY_ACTIVE_ARCH = YES;
				SDKROOT = iphoneos;
				SWIFT_ACTIVE_COMPILATION_CONDITIONS = DEBUG;
				SWIFT_OPTIMIZATION_LEVEL = "-Onone";
			};
			name = Debug;
		};
		DB1A0F69271C0B4500B0B5E9 /* Release */ = {
			isa = XCBuildConfiguration;
			buildSettings = {
				ALWAYS_SEARCH_USER_PATHS = NO;
				CLANG_ANALYZER_NONNULL = YES;
				CLANG_ANALYZER_NUMBER_OBJECT_CONVERSION = YES_AGGRESSIVE;
				CLANG_CXX_LANGUAGE_STANDARD = "gnu++17";
				CLANG_CXX_LIBRARY = "libc++";
				CLANG_ENABLE_MODULES = YES;
				CLANG_ENABLE_OBJC_ARC = YES;
				CLANG_ENABLE_OBJC_WEAK = YES;
				CLANG_WARN_BLOCK_CAPTURE_AUTORELEASING = YES;
				CLANG_WARN_BOOL_CONVERSION = YES;
				CLANG_WARN_COMMA = YES;
				CLANG_WARN_CONSTANT_CONVERSION = YES;
				CLANG_WARN_DEPRECATED_OBJC_IMPLEMENTATIONS = YES;
				CLANG_WARN_DIRECT_OBJC_ISA_USAGE = YES_ERROR;
				CLANG_WARN_DOCUMENTATION_COMMENTS = YES;
				CLANG_WARN_EMPTY_BODY = YES;
				CLANG_WARN_ENUM_CONVERSION = YES;
				CLANG_WARN_INFINITE_RECURSION = YES;
				CLANG_WARN_INT_CONVERSION = YES;
				CLANG_WARN_NON_LITERAL_NULL_CONVERSION = YES;
				CLANG_WARN_OBJC_IMPLICIT_RETAIN_SELF = YES;
				CLANG_WARN_OBJC_LITERAL_CONVERSION = YES;
				CLANG_WARN_OBJC_ROOT_CLASS = YES_ERROR;
				CLANG_WARN_QUOTED_INCLUDE_IN_FRAMEWORK_HEADER = YES;
				CLANG_WARN_RANGE_LOOP_ANALYSIS = YES;
				CLANG_WARN_STRICT_PROTOTYPES = YES;
				CLANG_WARN_SUSPICIOUS_MOVE = YES;
				CLANG_WARN_UNGUARDED_AVAILABILITY = YES_AGGRESSIVE;
				CLANG_WARN_UNREACHABLE_CODE = YES;
				CLANG_WARN__DUPLICATE_METHOD_MATCH = YES;
				COPY_PHASE_STRIP = NO;
				DEBUG_INFORMATION_FORMAT = "dwarf-with-dsym";
				ENABLE_NS_ASSERTIONS = NO;
				ENABLE_STRICT_OBJC_MSGSEND = YES;
				GCC_C_LANGUAGE_STANDARD = gnu11;
				GCC_NO_COMMON_BLOCKS = YES;
				GCC_WARN_64_TO_32_BIT_CONVERSION = YES;
				GCC_WARN_ABOUT_RETURN_TYPE = YES_ERROR;
				GCC_WARN_UNDECLARED_SELECTOR = YES;
				GCC_WARN_UNINITIALIZED_AUTOS = YES_AGGRESSIVE;
				GCC_WARN_UNUSED_FUNCTION = YES;
				GCC_WARN_UNUSED_VARIABLE = YES;
				IPHONEOS_DEPLOYMENT_TARGET = 15.0;
				MTL_ENABLE_DEBUG_INFO = NO;
				MTL_FAST_MATH = YES;
				SDKROOT = iphoneos;
				SWIFT_COMPILATION_MODE = wholemodule;
				SWIFT_OPTIMIZATION_LEVEL = "-O";
				VALIDATE_PRODUCT = YES;
			};
			name = Release;
		};
		DB1A0F6B271C0B4500B0B5E9 /* Debug */ = {
			isa = XCBuildConfiguration;
			buildSettings = {
				ASSETCATALOG_COMPILER_APPICON_NAME = AppIcon;
				ASSETCATALOG_COMPILER_GLOBAL_ACCENT_COLOR_NAME = AccentColor;
				CODE_SIGN_STYLE = Automatic;
				CURRENT_PROJECT_VERSION = 1;
				DEVELOPMENT_TEAM = DZVBLG3322;
				GENERATE_INFOPLIST_FILE = YES;
				INFOPLIST_FILE = "day 16/Info.plist";
				INFOPLIST_KEY_UIApplicationSupportsIndirectInputEvents = YES;
				INFOPLIST_KEY_UILaunchStoryboardName = LaunchScreen;
				INFOPLIST_KEY_UIMainStoryboardFile = Main;
				INFOPLIST_KEY_UISupportedInterfaceOrientations_iPad = "UIInterfaceOrientationPortrait UIInterfaceOrientationPortraitUpsideDown UIInterfaceOrientationLandscapeLeft UIInterfaceOrientationLandscapeRight";
				INFOPLIST_KEY_UISupportedInterfaceOrientations_iPhone = "UIInterfaceOrientationPortrait UIInterfaceOrientationLandscapeLeft UIInterfaceOrientationLandscapeRight";
				LD_RUNPATH_SEARCH_PATHS = (
					"$(inherited)",
					"@executable_path/Frameworks",
				);
				MARKETING_VERSION = 1.0;
				PRODUCT_BUNDLE_IDENTIFIER = "alanood.com.day-16";
				PRODUCT_NAME = "$(TARGET_NAME)";
				SWIFT_EMIT_LOC_STRINGS = YES;
				SWIFT_VERSION = 5.0;
				TARGETED_DEVICE_FAMILY = "1,2";
			};
			name = Debug;
		};
		DB1A0F6C271C0B4500B0B5E9 /* Release */ = {
			isa = XCBuildConfiguration;
			buildSettings = {
				ASSETCATALOG_COMPILER_APPICON_NAME = AppIcon;
				ASSETCATALOG_COMPILER_GLOBAL_ACCENT_COLOR_NAME = AccentColor;
				CODE_SIGN_STYLE = Automatic;
				CURRENT_PROJECT_VERSION = 1;
				DEVELOPMENT_TEAM = DZVBLG3322;
				GENERATE_INFOPLIST_FILE = YES;
				INFOPLIST_FILE = "day 16/Info.plist";
				INFOPLIST_KEY_UIApplicationSupportsIndirectInputEvents = YES;
				INFOPLIST_KEY_UILaunchStoryboardName = LaunchScreen;
				INFOPLIST_KEY_UIMainStoryboardFile = Main;
				INFOPLIST_KEY_UISupportedInterfaceOrientations_iPad = "UIInterfaceOrientationPortrait UIInterfaceOrientationPortraitUpsideDown UIInterfaceOrientationLandscapeLeft UIInterfaceOrientationLandscapeRight";
				INFOPLIST_KEY_UISupportedInterfaceOrientations_iPhone = "UIInterfaceOrientationPortrait UIInterfaceOrientationLandscapeLeft UIInterfaceOrientationLandscapeRight";
				LD_RUNPATH_SEARCH_PATHS = (
					"$(inherited)",
					"@executable_path/Frameworks",
				);
				MARKETING_VERSION = 1.0;
				PRODUCT_BUNDLE_IDENTIFIER = "alanood.com.day-16";
				PRODUCT_NAME = "$(TARGET_NAME)";
				SWIFT_EMIT_LOC_STRINGS = YES;
				SWIFT_VERSION = 5.0;
				TARGETED_DEVICE_FAMILY = "1,2";
			};
			name = Release;
		};
/* End XCBuildConfiguration section */

/* Begin XCConfigurationList section */
		DB1A0F51271C0B4400B0B5E9 /* Build configuration list for PBXProject "day 16" */ = {
			isa = XCConfigurationList;
			buildConfigurations = (
				DB1A0F68271C0B4500B0B5E9 /* Debug */,
				DB1A0F69271C0B4500B0B5E9 /* Release */,
			);
			defaultConfigurationIsVisible = 0;
			defaultConfigurationName = Release;
		};
		DB1A0F6A271C0B4500B0B5E9 /* Build configuration list for PBXNativeTarget "day 16" */ = {
			isa = XCConfigurationList;
			buildConfigurations = (
				DB1A0F6B271C0B4500B0B5E9 /* Debug */,
				DB1A0F6C271C0B4500B0B5E9 /* Release */,
			);
			defaultConfigurationIsVisible = 0;
			defaultConfigurationName = Release;
		};
/* End XCConfigurationList section */
	};
	rootObject = DB1A0F4E271C0B4400B0B5E9 /* Project object */;
}
