// !$*UTF8*$!
{
	archiveVersion = 1;
	classes = {
	};
	objectVersion = 55;
	objects = {

/* Begin PBXBuildFile section */
		865DC72C271C0AE600F70579 /* AppDelegate.swift in Sources */ = {isa = PBXBuildFile; fileRef = 865DC72B271C0AE600F70579 /* AppDelegate.swift */; };
		865DC72E271C0AE600F70579 /* SceneDelegate.swift in Sources */ = {isa = PBXBuildFile; fileRef = 865DC72D271C0AE600F70579 /* SceneDelegate.swift */; };
		865DC733271C0AE600F70579 /* Main.storyboard in Resources */ = {isa = PBXBuildFile; fileRef = 865DC731271C0AE600F70579 /* Main.storyboard */; };
		865DC735271C0AE800F70579 /* Assets.xcassets in Resources */ = {isa = PBXBuildFile; fileRef = 865DC734271C0AE800F70579 /* Assets.xcassets */; };
		865DC738271C0AE800F70579 /* LaunchScreen.storyboard in Resources */ = {isa = PBXBuildFile; fileRef = 865DC736271C0AE800F70579 /* LaunchScreen.storyboard */; };
		865DC743271C0DC600F70579 /* viewcontroller.swift in Sources */ = {isa = PBXBuildFile; fileRef = 865DC742271C0DC600F70579 /* viewcontroller.swift */; };
		865DC745271C102400F70579 /* VC1.swift in Sources */ = {isa = PBXBuildFile; fileRef = 865DC744271C102400F70579 /* VC1.swift */; };
		865DC747271C109500F70579 /* VC2.swift in Sources */ = {isa = PBXBuildFile; fileRef = 865DC746271C109500F70579 /* VC2.swift */; };
		865DC749271C112E00F70579 /* Data.swift in Sources */ = {isa = PBXBuildFile; fileRef = 865DC748271C112E00F70579 /* Data.swift */; };
		865DC74B271C12FF00F70579 /* Cell1.swift in Sources */ = {isa = PBXBuildFile; fileRef = 865DC74A271C12FF00F70579 /* Cell1.swift */; };
		865DC74D271C131B00F70579 /* Cell2.swift in Sources */ = {isa = PBXBuildFile; fileRef = 865DC74C271C131B00F70579 /* Cell2.swift */; };
		865DC751271C153600F70579 /* tasktableviewcellTableViewCell.swift in Sources */ = {isa = PBXBuildFile; fileRef = 865DC750271C153600F70579 /* tasktableviewcellTableViewCell.swift */; };
		865DC752271C48E300F70579 /* toDo.swift in Sources */ = {isa = PBXBuildFile; fileRef = 865DC74E271C146D00F70579 /* toDo.swift */; };
/* End PBXBuildFile section */

/* Begin PBXFileReference section */
		865DC728271C0AE600F70579 /* day16-Hanan.app */ = {isa = PBXFileReference; explicitFileType = wrapper.application; includeInIndex = 0; path = "day16-Hanan.app"; sourceTree = BUILT_PRODUCTS_DIR; };
		865DC72B271C0AE600F70579 /* AppDelegate.swift */ = {isa = PBXFileReference; lastKnownFileType = sourcecode.swift; path = AppDelegate.swift; sourceTree = "<group>"; };
		865DC72D271C0AE600F70579 /* SceneDelegate.swift */ = {isa = PBXFileReference; lastKnownFileType = sourcecode.swift; path = SceneDelegate.swift; sourceTree = "<group>"; };
		865DC732271C0AE600F70579 /* Base */ = {isa = PBXFileReference; lastKnownFileType = file.storyboard; name = Base; path = Base.lproj/Main.storyboard; sourceTree = "<group>"; };
		865DC734271C0AE800F70579 /* Assets.xcassets */ = {isa = PBXFileReference; lastKnownFileType = folder.assetcatalog; path = Assets.xcassets; sourceTree = "<group>"; };
		865DC737271C0AE800F70579 /* Base */ = {isa = PBXFileReference; lastKnownFileType = file.storyboard; name = Base; path = Base.lproj/LaunchScreen.storyboard; sourceTree = "<group>"; };
		865DC739271C0AE800F70579 /* Info.plist */ = {isa = PBXFileReference; lastKnownFileType = text.plist.xml; path = Info.plist; sourceTree = "<group>"; };
		865DC742271C0DC600F70579 /* viewcontroller.swift */ = {isa = PBXFileReference; lastKnownFileType = sourcecode.swift; path = viewcontroller.swift; sourceTree = "<group>"; };
		865DC744271C102400F70579 /* VC1.swift */ = {isa = PBXFileReference; lastKnownFileType = sourcecode.swift; path = VC1.swift; sourceTree = "<group>"; };
		865DC746271C109500F70579 /* VC2.swift */ = {isa = PBXFileReference; lastKnownFileType = sourcecode.swift; path = VC2.swift; sourceTree = "<group>"; };
		865DC748271C112E00F70579 /* Data.swift */ = {isa = PBXFileReference; lastKnownFileType = sourcecode.swift; path = Data.swift; sourceTree = "<group>"; };
		865DC74A271C12FF00F70579 /* Cell1.swift */ = {isa = PBXFileReference; lastKnownFileType = sourcecode.swift; path = Cell1.swift; sourceTree = "<group>"; };
		865DC74C271C131B00F70579 /* Cell2.swift */ = {isa = PBXFileReference; lastKnownFileType = sourcecode.swift; path = Cell2.swift; sourceTree = "<group>"; };
		865DC74E271C146D00F70579 /* toDo.swift */ = {isa = PBXFileReference; lastKnownFileType = sourcecode.swift; path = toDo.swift; sourceTree = "<group>"; };
		865DC750271C153600F70579 /* tasktableviewcellTableViewCell.swift */ = {isa = PBXFileReference; lastKnownFileType = sourcecode.swift; path = tasktableviewcellTableViewCell.swift; sourceTree = "<group>"; };
/* End PBXFileReference section */

/* Begin PBXFrameworksBuildPhase section */
		865DC725271C0AE600F70579 /* Frameworks */ = {
			isa = PBXFrameworksBuildPhase;
			buildActionMask = 2147483647;
			files = (
			);
			runOnlyForDeploymentPostprocessing = 0;
		};
/* End PBXFrameworksBuildPhase section */

/* Begin PBXGroup section */
		865DC71F271C0AE600F70579 = {
			isa = PBXGroup;
			children = (
				865DC72A271C0AE600F70579 /* day16-Hanan */,
				865DC729271C0AE600F70579 /* Products */,
			);
			sourceTree = "<group>";
		};
		865DC729271C0AE600F70579 /* Products */ = {
			isa = PBXGroup;
			children = (
				865DC728271C0AE600F70579 /* day16-Hanan.app */,
			);
			name = Products;
			sourceTree = "<group>";
		};
		865DC72A271C0AE600F70579 /* day16-Hanan */ = {
			isa = PBXGroup;
			children = (
				865DC741271C0B5300F70579 /* ToDo */,
				865DC740271C0B3E00F70579 /* Jahiz */,
				865DC73F271C0B0E00F70579 /* Tasbih */,
				865DC72B271C0AE600F70579 /* AppDelegate.swift */,
				865DC72D271C0AE600F70579 /* SceneDelegate.swift */,
				865DC731271C0AE600F70579 /* Main.storyboard */,
				865DC734271C0AE800F70579 /* Assets.xcassets */,
				865DC736271C0AE800F70579 /* LaunchScreen.storyboard */,
				865DC739271C0AE800F70579 /* Info.plist */,
			);
			path = "day16-Hanan";
			sourceTree = "<group>";
		};
		865DC73F271C0B0E00F70579 /* Tasbih */ = {
			isa = PBXGroup;
			children = (
				865DC742271C0DC600F70579 /* viewcontroller.swift */,
			);
			path = Tasbih;
			sourceTree = "<group>";
		};
		865DC740271C0B3E00F70579 /* Jahiz */ = {
			isa = PBXGroup;
			children = (
				865DC748271C112E00F70579 /* Data.swift */,
				865DC744271C102400F70579 /* VC1.swift */,
				865DC74A271C12FF00F70579 /* Cell1.swift */,
				865DC746271C109500F70579 /* VC2.swift */,
				865DC74C271C131B00F70579 /* Cell2.swift */,
			);
			path = Jahiz;
			sourceTree = "<group>";
		};
		865DC741271C0B5300F70579 /* ToDo */ = {
			isa = PBXGroup;
			children = (
				865DC74E271C146D00F70579 /* toDo.swift */,
				865DC750271C153600F70579 /* tasktableviewcellTableViewCell.swift */,
			);
			path = ToDo;
			sourceTree = "<group>";
		};
/* End PBXGroup section */

/* Begin PBXNativeTarget section */
		865DC727271C0AE600F70579 /* day16-Hanan */ = {
			isa = PBXNativeTarget;
			buildConfigurationList = 865DC73C271C0AE800F70579 /* Build configuration list for PBXNativeTarget "day16-Hanan" */;
			buildPhases = (
				865DC724271C0AE600F70579 /* Sources */,
				865DC725271C0AE600F70579 /* Frameworks */,
				865DC726271C0AE600F70579 /* Resources */,
			);
			buildRules = (
			);
			dependencies = (
			);
			name = "day16-Hanan";
			productName = "day16-Hanan";
			productReference = 865DC728271C0AE600F70579 /* day16-Hanan.app */;
			productType = "com.apple.product-type.application";
		};
/* End PBXNativeTarget section */

/* Begin PBXProject section */
		865DC720271C0AE600F70579 /* Project object */ = {
			isa = PBXProject;
			attributes = {
				BuildIndependentTargetsInParallel = 1;
				LastSwiftUpdateCheck = 1300;
				LastUpgradeCheck = 1300;
				TargetAttributes = {
					865DC727271C0AE600F70579 = {
						CreatedOnToolsVersion = 13.0;
					};
				};
			};
			buildConfigurationList = 865DC723271C0AE600F70579 /* Build configuration list for PBXProject "day16-Hanan" */;
			compatibilityVersion = "Xcode 13.0";
			developmentRegion = en;
			hasScannedForEncodings = 0;
			knownRegions = (
				en,
				Base,
			);
			mainGroup = 865DC71F271C0AE600F70579;
			productRefGroup = 865DC729271C0AE600F70579 /* Products */;
			projectDirPath = "";
			projectRoot = "";
			targets = (
				865DC727271C0AE600F70579 /* day16-Hanan */,
			);
		};
/* End PBXProject section */

/* Begin PBXResourcesBuildPhase section */
		865DC726271C0AE600F70579 /* Resources */ = {
			isa = PBXResourcesBuildPhase;
			buildActionMask = 2147483647;
			files = (
				865DC738271C0AE800F70579 /* LaunchScreen.storyboard in Resources */,
				865DC735271C0AE800F70579 /* Assets.xcassets in Resources */,
				865DC733271C0AE600F70579 /* Main.storyboard in Resources */,
			);
			runOnlyForDeploymentPostprocessing = 0;
		};
/* End PBXResourcesBuildPhase section */

/* Begin PBXSourcesBuildPhase section */
		865DC724271C0AE600F70579 /* Sources */ = {
			isa = PBXSourcesBuildPhase;
			buildActionMask = 2147483647;
			files = (
				865DC751271C153600F70579 /* tasktableviewcellTableViewCell.swift in Sources */,
				865DC749271C112E00F70579 /* Data.swift in Sources */,
				865DC72C271C0AE600F70579 /* AppDelegate.swift in Sources */,
				865DC752271C48E300F70579 /* toDo.swift in Sources */,
				865DC745271C102400F70579 /* VC1.swift in Sources */,
				865DC747271C109500F70579 /* VC2.swift in Sources */,
				865DC743271C0DC600F70579 /* viewcontroller.swift in Sources */,
				865DC74D271C131B00F70579 /* Cell2.swift in Sources */,
				865DC72E271C0AE600F70579 /* SceneDelegate.swift in Sources */,
				865DC74B271C12FF00F70579 /* Cell1.swift in Sources */,
			);
			runOnlyForDeploymentPostprocessing = 0;
		};
/* End PBXSourcesBuildPhase section */

/* Begin PBXVariantGroup section */
		865DC731271C0AE600F70579 /* Main.storyboard */ = {
			isa = PBXVariantGroup;
			children = (
				865DC732271C0AE600F70579 /* Base */,
			);
			name = Main.storyboard;
			sourceTree = "<group>";
		};
		865DC736271C0AE800F70579 /* LaunchScreen.storyboard */ = {
			isa = PBXVariantGroup;
			children = (
				865DC737271C0AE800F70579 /* Base */,
			);
			name = LaunchScreen.storyboard;
			sourceTree = "<group>";
		};
/* End PBXVariantGroup section */

/* Begin XCBuildConfiguration section */
		865DC73A271C0AE800F70579 /* Debug */ = {
			isa = XCBuildConfiguration;
			buildSettings = {
				ALWAYS_SEARCH_USER_PATHS = NO;
				CLANG_ANALYZER_NONNULL = YES;
				CLANG_ANALYZER_NUMBER_OBJECT_CONVERSION = YES_AGGRESSIVE;
				CLANG_CXX_LANGUAGE_STANDARD = "gnu++17";
				CLANG_CXX_LIBRARY = "libc++";
				CLANG_ENABLE_MODULES = YES;
				CLANG_ENABLE_OBJC_ARC = YES;
				CLANG_ENABLE_OBJC_WEAK = YES;
				CLANG_WARN_BLOCK_CAPTURE_AUTORELEASING = YES;
				CLANG_WARN_BOOL_CONVERSION = YES;
				CLANG_WARN_COMMA = YES;
				CLANG_WARN_CONSTANT_CONVERSION = YES;
				CLANG_WARN_DEPRECATED_OBJC_IMPLEMENTATIONS = YES;
				CLANG_WARN_DIRECT_OBJC_ISA_USAGE = YES_ERROR;
				CLANG_WARN_DOCUMENTATION_COMMENTS = YES;
				CLANG_WARN_EMPTY_BODY = YES;
				CLANG_WARN_ENUM_CONVERSION = YES;
				CLANG_WARN_INFINITE_RECURSION = YES;
				CLANG_WARN_INT_CONVERSION = YES;
				CLANG_WARN_NON_LITERAL_NULL_CONVERSION = YES;
				CLANG_WARN_OBJC_IMPLICIT_RETAIN_SELF = YES;
				CLANG_WARN_OBJC_LITERAL_CONVERSION = YES;
				CLANG_WARN_OBJC_ROOT_CLASS = YES_ERROR;
				CLANG_WARN_QUOTED_INCLUDE_IN_FRAMEWORK_HEADER = YES;
				CLANG_WARN_RANGE_LOOP_ANALYSIS = YES;
				CLANG_WARN_STRICT_PROTOTYPES = YES;
				CLANG_WARN_SUSPICIOUS_MOVE = YES;
				CLANG_WARN_UNGUARDED_AVAILABILITY = YES_AGGRESSIVE;
				CLANG_WARN_UNREACHABLE_CODE = YES;
				CLANG_WARN__DUPLICATE_METHOD_MATCH = YES;
				COPY_PHASE_STRIP = NO;
				DEBUG_INFORMATION_FORMAT = dwarf;
				ENABLE_STRICT_OBJC_MSGSEND = YES;
				ENABLE_TESTABILITY = YES;
				GCC_C_LANGUAGE_STANDARD = gnu11;
				GCC_DYNAMIC_NO_PIC = NO;
				GCC_NO_COMMON_BLOCKS = YES;
				GCC_OPTIMIZATION_LEVEL = 0;
				GCC_PREPROCESSOR_DEFINITIONS = (
					"DEBUG=1",
					"$(inherited)",
				);
				GCC_WARN_64_TO_32_BIT_CONVERSION = YES;
				GCC_WARN_ABOUT_RETURN_TYPE = YES_ERROR;
				GCC_WARN_UNDECLARED_SELECTOR = YES;
				GCC_WARN_UNINITIALIZED_AUTOS = YES_AGGRESSIVE;
				GCC_WARN_UNUSED_FUNCTION = YES;
				GCC_WARN_UNUSED_VARIABLE = YES;
				IPHONEOS_DEPLOYMENT_TARGET = 15.0;
				MTL_ENABLE_DEBUG_INFO = INCLUDE_SOURCE;
				MTL_FAST_MATH = YES;
				ONLY_ACTIVE_ARCH = YES;
				SDKROOT = iphoneos;
				SWIFT_ACTIVE_COMPILATION_CONDITIONS = DEBUG;
				SWIFT_OPTIMIZATION_LEVEL = "-Onone";
			};
			name = Debug;
		};
		865DC73B271C0AE800F70579 /* Release */ = {
			isa = XCBuildConfiguration;
			buildSettings = {
				ALWAYS_SEARCH_USER_PATHS = NO;
				CLANG_ANALYZER_NONNULL = YES;
				CLANG_ANALYZER_NUMBER_OBJECT_CONVERSION = YES_AGGRESSIVE;
				CLANG_CXX_LANGUAGE_STANDARD = "gnu++17";
				CLANG_CXX_LIBRARY = "libc++";
				CLANG_ENABLE_MODULES = YES;
				CLANG_ENABLE_OBJC_ARC = YES;
				CLANG_ENABLE_OBJC_WEAK = YES;
				CLANG_WARN_BLOCK_CAPTURE_AUTORELEASING = YES;
				CLANG_WARN_BOOL_CONVERSION = YES;
				CLANG_WARN_COMMA = YES;
				CLANG_WARN_CONSTANT_CONVERSION = YES;
				CLANG_WARN_DEPRECATED_OBJC_IMPLEMENTATIONS = YES;
				CLANG_WARN_DIRECT_OBJC_ISA_USAGE = YES_ERROR;
				CLANG_WARN_DOCUMENTATION_COMMENTS = YES;
				CLANG_WARN_EMPTY_BODY = YES;
				CLANG_WARN_ENUM_CONVERSION = YES;
				CLANG_WARN_INFINITE_RECURSION = YES;
				CLANG_WARN_INT_CONVERSION = YES;
				CLANG_WARN_NON_LITERAL_NULL_CONVERSION = YES;
				CLANG_WARN_OBJC_IMPLICIT_RETAIN_SELF = YES;
				CLANG_WARN_OBJC_LITERAL_CONVERSION = YES;
				CLANG_WARN_OBJC_ROOT_CLASS = YES_ERROR;
				CLANG_WARN_QUOTED_INCLUDE_IN_FRAMEWORK_HEADER = YES;
				CLANG_WARN_RANGE_LOOP_ANALYSIS = YES;
				CLANG_WARN_STRICT_PROTOTYPES = YES;
				CLANG_WARN_SUSPICIOUS_MOVE = YES;
				CLANG_WARN_UNGUARDED_AVAILABILITY = YES_AGGRESSIVE;
				CLANG_WARN_UNREACHABLE_CODE = YES;
				CLANG_WARN__DUPLICATE_METHOD_MATCH = YES;
				COPY_PHASE_STRIP = NO;
				DEBUG_INFORMATION_FORMAT = "dwarf-with-dsym";
				ENABLE_NS_ASSERTIONS = NO;
				ENABLE_STRICT_OBJC_MSGSEND = YES;
				GCC_C_LANGUAGE_STANDARD = gnu11;
				GCC_NO_COMMON_BLOCKS = YES;
				GCC_WARN_64_TO_32_BIT_CONVERSION = YES;
				GCC_WARN_ABOUT_RETURN_TYPE = YES_ERROR;
				GCC_WARN_UNDECLARED_SELECTOR = YES;
				GCC_WARN_UNINITIALIZED_AUTOS = YES_AGGRESSIVE;
				GCC_WARN_UNUSED_FUNCTION = YES;
				GCC_WARN_UNUSED_VARIABLE = YES;
				IPHONEOS_DEPLOYMENT_TARGET = 15.0;
				MTL_ENABLE_DEBUG_INFO = NO;
				MTL_FAST_MATH = YES;
				SDKROOT = iphoneos;
				SWIFT_COMPILATION_MODE = wholemodule;
				SWIFT_OPTIMIZATION_LEVEL = "-O";
				VALIDATE_PRODUCT = YES;
			};
			name = Release;
		};
		865DC73D271C0AE800F70579 /* Debug */ = {
			isa = XCBuildConfiguration;
			buildSettings = {
				ASSETCATALOG_COMPILER_APPICON_NAME = AppIcon;
				ASSETCATALOG_COMPILER_GLOBAL_ACCENT_COLOR_NAME = AccentColor;
				CODE_SIGN_STYLE = Automatic;
				CURRENT_PROJECT_VERSION = 1;
				DEVELOPMENT_TEAM = 822RG578M9;
				GENERATE_INFOPLIST_FILE = YES;
				INFOPLIST_FILE = "day16-Hanan/Info.plist";
				INFOPLIST_KEY_UIApplicationSupportsIndirectInputEvents = YES;
				INFOPLIST_KEY_UILaunchStoryboardName = LaunchScreen;
				INFOPLIST_KEY_UIMainStoryboardFile = Main;
				INFOPLIST_KEY_UISupportedInterfaceOrientations_iPad = "UIInterfaceOrientationPortrait UIInterfaceOrientationPortraitUpsideDown UIInterfaceOrientationLandscapeLeft UIInterfaceOrientationLandscapeRight";
				INFOPLIST_KEY_UISupportedInterfaceOrientations_iPhone = "UIInterfaceOrientationPortrait UIInterfaceOrientationLandscapeLeft UIInterfaceOrientationLandscapeRight";
				LD_RUNPATH_SEARCH_PATHS = (
					"$(inherited)",
					"@executable_path/Frameworks",
				);
				MARKETING_VERSION = 1.0;
				PRODUCT_BUNDLE_IDENTIFIER = "com.hanan.day16-Hanan";
				PRODUCT_NAME = "$(TARGET_NAME)";
				SWIFT_EMIT_LOC_STRINGS = YES;
				SWIFT_VERSION = 5.0;
				TARGETED_DEVICE_FAMILY = "1,2";
			};
			name = Debug;
		};
		865DC73E271C0AE800F70579 /* Release */ = {
			isa = XCBuildConfiguration;
			buildSettings = {
				ASSETCATALOG_COMPILER_APPICON_NAME = AppIcon;
				ASSETCATALOG_COMPILER_GLOBAL_ACCENT_COLOR_NAME = AccentColor;
				CODE_SIGN_STYLE = Automatic;
				CURRENT_PROJECT_VERSION = 1;
				DEVELOPMENT_TEAM = 822RG578M9;
				GENERATE_INFOPLIST_FILE = YES;
				INFOPLIST_FILE = "day16-Hanan/Info.plist";
				INFOPLIST_KEY_UIApplicationSupportsIndirectInputEvents = YES;
				INFOPLIST_KEY_UILaunchStoryboardName = LaunchScreen;
				INFOPLIST_KEY_UIMainStoryboardFile = Main;
				INFOPLIST_KEY_UISupportedInterfaceOrientations_iPad = "UIInterfaceOrientationPortrait UIInterfaceOrientationPortraitUpsideDown UIInterfaceOrientationLandscapeLeft UIInterfaceOrientationLandscapeRight";
				INFOPLIST_KEY_UISupportedInterfaceOrientations_iPhone = "UIInterfaceOrientationPortrait UIInterfaceOrientationLandscapeLeft UIInterfaceOrientationLandscapeRight";
				LD_RUNPATH_SEARCH_PATHS = (
					"$(inherited)",
					"@executable_path/Frameworks",
				);
				MARKETING_VERSION = 1.0;
				PRODUCT_BUNDLE_IDENTIFIER = "com.hanan.day16-Hanan";
				PRODUCT_NAME = "$(TARGET_NAME)";
				SWIFT_EMIT_LOC_STRINGS = YES;
				SWIFT_VERSION = 5.0;
				TARGETED_DEVICE_FAMILY = "1,2";
			};
			name = Release;
		};
/* End XCBuildConfiguration section */

/* Begin XCConfigurationList section */
		865DC723271C0AE600F70579 /* Build configuration list for PBXProject "day16-Hanan" */ = {
			isa = XCConfigurationList;
			buildConfigurations = (
				865DC73A271C0AE800F70579 /* Debug */,
				865DC73B271C0AE800F70579 /* Release */,
			);
			defaultConfigurationIsVisible = 0;
			defaultConfigurationName = Release;
		};
		865DC73C271C0AE800F70579 /* Build configuration list for PBXNativeTarget "day16-Hanan" */ = {
			isa = XCConfigurationList;
			buildConfigurations = (
				865DC73D271C0AE800F70579 /* Debug */,
				865DC73E271C0AE800F70579 /* Release */,
			);
			defaultConfigurationIsVisible = 0;
			defaultConfigurationName = Release;
		};
/* End XCConfigurationList section */
	};
	rootObject = 865DC720271C0AE600F70579 /* Project object */;
}
