// !$*UTF8*$!
{
	archiveVersion = 1;
	classes = {
	};
	objectVersion = 55;
	objects = {

/* Begin PBXBuildFile section */
		C978BA50271C0E1600D0818D /* AppDelegate.swift in Sources */ = {isa = PBXBuildFile; fileRef = C978BA4F271C0E1600D0818D /* AppDelegate.swift */; };
		C978BA52271C0E1600D0818D /* SceneDelegate.swift in Sources */ = {isa = PBXBuildFile; fileRef = C978BA51271C0E1600D0818D /* SceneDelegate.swift */; };
		C978BA57271C0E1600D0818D /* Main.storyboard in Resources */ = {isa = PBXBuildFile; fileRef = C978BA55271C0E1600D0818D /* Main.storyboard */; };
		C978BA59271C0E1800D0818D /* Assets.xcassets in Resources */ = {isa = PBXBuildFile; fileRef = C978BA58271C0E1800D0818D /* Assets.xcassets */; };
		C978BA5C271C0E1800D0818D /* LaunchScreen.storyboard in Resources */ = {isa = PBXBuildFile; fileRef = C978BA5A271C0E1800D0818D /* LaunchScreen.storyboard */; };
		C978BA65271C0E3600D0818D /* Tasbih.swift in Sources */ = {isa = PBXBuildFile; fileRef = C978BA64271C0E3600D0818D /* Tasbih.swift */; };
		C978BA6A271C13C000D0818D /* VC1.swift in Sources */ = {isa = PBXBuildFile; fileRef = C978BA69271C13C000D0818D /* VC1.swift */; };
		C978BA6C271C13E600D0818D /* Cell1.swift in Sources */ = {isa = PBXBuildFile; fileRef = C978BA6B271C13E600D0818D /* Cell1.swift */; };
		C978BA6E271C140800D0818D /* VC2.swift in Sources */ = {isa = PBXBuildFile; fileRef = C978BA6D271C140800D0818D /* VC2.swift */; };
		C978BA70271C141E00D0818D /* Cell2.swift in Sources */ = {isa = PBXBuildFile; fileRef = C978BA6F271C141E00D0818D /* Cell2.swift */; };
		C978BA72271C143600D0818D /* Data.swift in Sources */ = {isa = PBXBuildFile; fileRef = C978BA71271C143600D0818D /* Data.swift */; };
		C978BA76271C186800D0818D /* ViewController.swift in Sources */ = {isa = PBXBuildFile; fileRef = C978BA75271C186800D0818D /* ViewController.swift */; };
		C978BA78271C18E500D0818D /* taskTabelViewcell.swift in Sources */ = {isa = PBXBuildFile; fileRef = C978BA77271C18E500D0818D /* taskTabelViewcell.swift */; };
/* End PBXBuildFile section */

/* Begin PBXFileReference section */
		C978BA4C271C0E1600D0818D /* day16.app */ = {isa = PBXFileReference; explicitFileType = wrapper.application; includeInIndex = 0; path = day16.app; sourceTree = BUILT_PRODUCTS_DIR; };
		C978BA4F271C0E1600D0818D /* AppDelegate.swift */ = {isa = PBXFileReference; lastKnownFileType = sourcecode.swift; path = AppDelegate.swift; sourceTree = "<group>"; };
		C978BA51271C0E1600D0818D /* SceneDelegate.swift */ = {isa = PBXFileReference; lastKnownFileType = sourcecode.swift; path = SceneDelegate.swift; sourceTree = "<group>"; };
		C978BA56271C0E1600D0818D /* Base */ = {isa = PBXFileReference; lastKnownFileType = file.storyboard; name = Base; path = Base.lproj/Main.storyboard; sourceTree = "<group>"; };
		C978BA58271C0E1800D0818D /* Assets.xcassets */ = {isa = PBXFileReference; lastKnownFileType = folder.assetcatalog; path = Assets.xcassets; sourceTree = "<group>"; };
		C978BA5B271C0E1800D0818D /* Base */ = {isa = PBXFileReference; lastKnownFileType = file.storyboard; name = Base; path = Base.lproj/LaunchScreen.storyboard; sourceTree = "<group>"; };
		C978BA5D271C0E1800D0818D /* Info.plist */ = {isa = PBXFileReference; lastKnownFileType = text.plist.xml; path = Info.plist; sourceTree = "<group>"; };
		C978BA64271C0E3600D0818D /* Tasbih.swift */ = {isa = PBXFileReference; lastKnownFileType = sourcecode.swift; path = Tasbih.swift; sourceTree = "<group>"; };
		C978BA69271C13C000D0818D /* VC1.swift */ = {isa = PBXFileReference; lastKnownFileType = sourcecode.swift; path = VC1.swift; sourceTree = "<group>"; };
		C978BA6B271C13E600D0818D /* Cell1.swift */ = {isa = PBXFileReference; lastKnownFileType = sourcecode.swift; path = Cell1.swift; sourceTree = "<group>"; };
		C978BA6D271C140800D0818D /* VC2.swift */ = {isa = PBXFileReference; lastKnownFileType = sourcecode.swift; path = VC2.swift; sourceTree = "<group>"; };
		C978BA6F271C141E00D0818D /* Cell2.swift */ = {isa = PBXFileReference; lastKnownFileType = sourcecode.swift; path = Cell2.swift; sourceTree = "<group>"; };
		C978BA71271C143600D0818D /* Data.swift */ = {isa = PBXFileReference; lastKnownFileType = sourcecode.swift; path = Data.swift; sourceTree = "<group>"; };
		C978BA75271C186800D0818D /* ViewController.swift */ = {isa = PBXFileReference; lastKnownFileType = sourcecode.swift; path = ViewController.swift; sourceTree = "<group>"; };
		C978BA77271C18E500D0818D /* taskTabelViewcell.swift */ = {isa = PBXFileReference; lastKnownFileType = sourcecode.swift; path = taskTabelViewcell.swift; sourceTree = "<group>"; };
/* End PBXFileReference section */

/* Begin PBXFrameworksBuildPhase section */
		C978BA49271C0E1600D0818D /* Frameworks */ = {
			isa = PBXFrameworksBuildPhase;
			buildActionMask = 2147483647;
			files = (
			);
			runOnlyForDeploymentPostprocessing = 0;
		};
/* End PBXFrameworksBuildPhase section */

/* Begin PBXGroup section */
		C978BA43271C0E1600D0818D = {
			isa = PBXGroup;
			children = (
				C978BA4E271C0E1600D0818D /* day16 */,
				C978BA4D271C0E1600D0818D /* Products */,
			);
			sourceTree = "<group>";
		};
		C978BA4D271C0E1600D0818D /* Products */ = {
			isa = PBXGroup;
			children = (
				C978BA4C271C0E1600D0818D /* day16.app */,
			);
			name = Products;
			sourceTree = "<group>";
		};
		C978BA4E271C0E1600D0818D /* day16 */ = {
			isa = PBXGroup;
			children = (
				C978BA74271C184B00D0818D /* todoo */,
				C978BA63271C0E2100D0818D /* tasbih */,
				C978BA4F271C0E1600D0818D /* AppDelegate.swift */,
				C978BA51271C0E1600D0818D /* SceneDelegate.swift */,
				C978BA55271C0E1600D0818D /* Main.storyboard */,
				C978BA58271C0E1800D0818D /* Assets.xcassets */,
				C978BA5A271C0E1800D0818D /* LaunchScreen.storyboard */,
				C978BA5D271C0E1800D0818D /* Info.plist */,
			);
			path = day16;
			sourceTree = "<group>";
		};
		C978BA63271C0E2100D0818D /* tasbih */ = {
			isa = PBXGroup;
			children = (
				C978BA64271C0E3600D0818D /* Tasbih.swift */,
				C978BA66271C12C300D0818D /* jahez */,
			);
			path = tasbih;
			sourceTree = "<group>";
		};
		C978BA66271C12C300D0818D /* jahez */ = {
			isa = PBXGroup;
			children = (
				C978BA69271C13C000D0818D /* VC1.swift */,
				C978BA6B271C13E600D0818D /* Cell1.swift */,
				C978BA6D271C140800D0818D /* VC2.swift */,
				C978BA6F271C141E00D0818D /* Cell2.swift */,
				C978BA71271C143600D0818D /* Data.swift */,
			);
			path = jahez;
			sourceTree = "<group>";
		};
		C978BA74271C184B00D0818D /* todoo */ = {
			isa = PBXGroup;
			children = (
				C978BA75271C186800D0818D /* ViewController.swift */,
				C978BA77271C18E500D0818D /* taskTabelViewcell.swift */,
			);
			path = todoo;
			sourceTree = "<group>";
		};
/* End PBXGroup section */

/* Begin PBXNativeTarget section */
		C978BA4B271C0E1600D0818D /* day16 */ = {
			isa = PBXNativeTarget;
			buildConfigurationList = C978BA60271C0E1800D0818D /* Build configuration list for PBXNativeTarget "day16" */;
			buildPhases = (
				C978BA48271C0E1600D0818D /* Sources */,
				C978BA49271C0E1600D0818D /* Frameworks */,
				C978BA4A271C0E1600D0818D /* Resources */,
			);
			buildRules = (
			);
			dependencies = (
			);
			name = day16;
			productName = day16;
			productReference = C978BA4C271C0E1600D0818D /* day16.app */;
			productType = "com.apple.product-type.application";
		};
/* End PBXNativeTarget section */

/* Begin PBXProject section */
		C978BA44271C0E1600D0818D /* Project object */ = {
			isa = PBXProject;
			attributes = {
				BuildIndependentTargetsInParallel = 1;
				LastSwiftUpdateCheck = 1300;
				LastUpgradeCheck = 1300;
				TargetAttributes = {
					C978BA4B271C0E1600D0818D = {
						CreatedOnToolsVersion = 13.0;
					};
				};
			};
			buildConfigurationList = C978BA47271C0E1600D0818D /* Build configuration list for PBXProject "day16" */;
			compatibilityVersion = "Xcode 13.0";
			developmentRegion = en;
			hasScannedForEncodings = 0;
			knownRegions = (
				en,
				Base,
			);
			mainGroup = C978BA43271C0E1600D0818D;
			productRefGroup = C978BA4D271C0E1600D0818D /* Products */;
			projectDirPath = "";
			projectRoot = "";
			targets = (
				C978BA4B271C0E1600D0818D /* day16 */,
			);
		};
/* End PBXProject section */

/* Begin PBXResourcesBuildPhase section */
		C978BA4A271C0E1600D0818D /* Resources */ = {
			isa = PBXResourcesBuildPhase;
			buildActionMask = 2147483647;
			files = (
				C978BA5C271C0E1800D0818D /* LaunchScreen.storyboard in Resources */,
				C978BA59271C0E1800D0818D /* Assets.xcassets in Resources */,
				C978BA57271C0E1600D0818D /* Main.storyboard in Resources */,
			);
			runOnlyForDeploymentPostprocessing = 0;
		};
/* End PBXResourcesBuildPhase section */

/* Begin PBXSourcesBuildPhase section */
		C978BA48271C0E1600D0818D /* Sources */ = {
			isa = PBXSourcesBuildPhase;
			buildActionMask = 2147483647;
			files = (
				C978BA70271C141E00D0818D /* Cell2.swift in Sources */,
				C978BA50271C0E1600D0818D /* AppDelegate.swift in Sources */,
				C978BA6A271C13C000D0818D /* VC1.swift in Sources */,
				C978BA6C271C13E600D0818D /* Cell1.swift in Sources */,
				C978BA76271C186800D0818D /* ViewController.swift in Sources */,
				C978BA65271C0E3600D0818D /* Tasbih.swift in Sources */,
				C978BA52271C0E1600D0818D /* SceneDelegate.swift in Sources */,
				C978BA72271C143600D0818D /* Data.swift in Sources */,
				C978BA78271C18E500D0818D /* taskTabelViewcell.swift in Sources */,
				C978BA6E271C140800D0818D /* VC2.swift in Sources */,
			);
			runOnlyForDeploymentPostprocessing = 0;
		};
/* End PBXSourcesBuildPhase section */

/* Begin PBXVariantGroup section */
		C978BA55271C0E1600D0818D /* Main.storyboard */ = {
			isa = PBXVariantGroup;
			children = (
				C978BA56271C0E1600D0818D /* Base */,
			);
			name = Main.storyboard;
			sourceTree = "<group>";
		};
		C978BA5A271C0E1800D0818D /* LaunchScreen.storyboard */ = {
			isa = PBXVariantGroup;
			children = (
				C978BA5B271C0E1800D0818D /* Base */,
			);
			name = LaunchScreen.storyboard;
			sourceTree = "<group>";
		};
/* End PBXVariantGroup section */

/* Begin XCBuildConfiguration section */
		C978BA5E271C0E1800D0818D /* Debug */ = {
			isa = XCBuildConfiguration;
			buildSettings = {
				ALWAYS_SEARCH_USER_PATHS = NO;
				CLANG_ANALYZER_NONNULL = YES;
				CLANG_ANALYZER_NUMBER_OBJECT_CONVERSION = YES_AGGRESSIVE;
				CLANG_CXX_LANGUAGE_STANDARD = "gnu++17";
				CLANG_CXX_LIBRARY = "libc++";
				CLANG_ENABLE_MODULES = YES;
				CLANG_ENABLE_OBJC_ARC = YES;
				CLANG_ENABLE_OBJC_WEAK = YES;
				CLANG_WARN_BLOCK_CAPTURE_AUTORELEASING = YES;
				CLANG_WARN_BOOL_CONVERSION = YES;
				CLANG_WARN_COMMA = YES;
				CLANG_WARN_CONSTANT_CONVERSION = YES;
				CLANG_WARN_DEPRECATED_OBJC_IMPLEMENTATIONS = YES;
				CLANG_WARN_DIRECT_OBJC_ISA_USAGE = YES_ERROR;
				CLANG_WARN_DOCUMENTATION_COMMENTS = YES;
				CLANG_WARN_EMPTY_BODY = YES;
				CLANG_WARN_ENUM_CONVERSION = YES;
				CLANG_WARN_INFINITE_RECURSION = YES;
				CLANG_WARN_INT_CONVERSION = YES;
				CLANG_WARN_NON_LITERAL_NULL_CONVERSION = YES;
				CLANG_WARN_OBJC_IMPLICIT_RETAIN_SELF = YES;
				CLANG_WARN_OBJC_LITERAL_CONVERSION = YES;
				CLANG_WARN_OBJC_ROOT_CLASS = YES_ERROR;
				CLANG_WARN_QUOTED_INCLUDE_IN_FRAMEWORK_HEADER = YES;
				CLANG_WARN_RANGE_LOOP_ANALYSIS = YES;
				CLANG_WARN_STRICT_PROTOTYPES = YES;
				CLANG_WARN_SUSPICIOUS_MOVE = YES;
				CLANG_WARN_UNGUARDED_AVAILABILITY = YES_AGGRESSIVE;
				CLANG_WARN_UNREACHABLE_CODE = YES;
				CLANG_WARN__DUPLICATE_METHOD_MATCH = YES;
				COPY_PHASE_STRIP = NO;
				DEBUG_INFORMATION_FORMAT = dwarf;
				ENABLE_STRICT_OBJC_MSGSEND = YES;
				ENABLE_TESTABILITY = YES;
				GCC_C_LANGUAGE_STANDARD = gnu11;
				GCC_DYNAMIC_NO_PIC = NO;
				GCC_NO_COMMON_BLOCKS = YES;
				GCC_OPTIMIZATION_LEVEL = 0;
				GCC_PREPROCESSOR_DEFINITIONS = (
					"DEBUG=1",
					"$(inherited)",
				);
				GCC_WARN_64_TO_32_BIT_CONVERSION = YES;
				GCC_WARN_ABOUT_RETURN_TYPE = YES_ERROR;
				GCC_WARN_UNDECLARED_SELECTOR = YES;
				GCC_WARN_UNINITIALIZED_AUTOS = YES_AGGRESSIVE;
				GCC_WARN_UNUSED_FUNCTION = YES;
				GCC_WARN_UNUSED_VARIABLE = YES;
				IPHONEOS_DEPLOYMENT_TARGET = 15.0;
				MTL_ENABLE_DEBUG_INFO = INCLUDE_SOURCE;
				MTL_FAST_MATH = YES;
				ONLY_ACTIVE_ARCH = YES;
				SDKROOT = iphoneos;
				SWIFT_ACTIVE_COMPILATION_CONDITIONS = DEBUG;
				SWIFT_OPTIMIZATION_LEVEL = "-Onone";
			};
			name = Debug;
		};
		C978BA5F271C0E1800D0818D /* Release */ = {
			isa = XCBuildConfiguration;
			buildSettings = {
				ALWAYS_SEARCH_USER_PATHS = NO;
				CLANG_ANALYZER_NONNULL = YES;
				CLANG_ANALYZER_NUMBER_OBJECT_CONVERSION = YES_AGGRESSIVE;
				CLANG_CXX_LANGUAGE_STANDARD = "gnu++17";
				CLANG_CXX_LIBRARY = "libc++";
				CLANG_ENABLE_MODULES = YES;
				CLANG_ENABLE_OBJC_ARC = YES;
				CLANG_ENABLE_OBJC_WEAK = YES;
				CLANG_WARN_BLOCK_CAPTURE_AUTORELEASING = YES;
				CLANG_WARN_BOOL_CONVERSION = YES;
				CLANG_WARN_COMMA = YES;
				CLANG_WARN_CONSTANT_CONVERSION = YES;
				CLANG_WARN_DEPRECATED_OBJC_IMPLEMENTATIONS = YES;
				CLANG_WARN_DIRECT_OBJC_ISA_USAGE = YES_ERROR;
				CLANG_WARN_DOCUMENTATION_COMMENTS = YES;
				CLANG_WARN_EMPTY_BODY = YES;
				CLANG_WARN_ENUM_CONVERSION = YES;
				CLANG_WARN_INFINITE_RECURSION = YES;
				CLANG_WARN_INT_CONVERSION = YES;
				CLANG_WARN_NON_LITERAL_NULL_CONVERSION = YES;
				CLANG_WARN_OBJC_IMPLICIT_RETAIN_SELF = YES;
				CLANG_WARN_OBJC_LITERAL_CONVERSION = YES;
				CLANG_WARN_OBJC_ROOT_CLASS = YES_ERROR;
				CLANG_WARN_QUOTED_INCLUDE_IN_FRAMEWORK_HEADER = YES;
				CLANG_WARN_RANGE_LOOP_ANALYSIS = YES;
				CLANG_WARN_STRICT_PROTOTYPES = YES;
				CLANG_WARN_SUSPICIOUS_MOVE = YES;
				CLANG_WARN_UNGUARDED_AVAILABILITY = YES_AGGRESSIVE;
				CLANG_WARN_UNREACHABLE_CODE = YES;
				CLANG_WARN__DUPLICATE_METHOD_MATCH = YES;
				COPY_PHASE_STRIP = NO;
				DEBUG_INFORMATION_FORMAT = "dwarf-with-dsym";
				ENABLE_NS_ASSERTIONS = NO;
				ENABLE_STRICT_OBJC_MSGSEND = YES;
				GCC_C_LANGUAGE_STANDARD = gnu11;
				GCC_NO_COMMON_BLOCKS = YES;
				GCC_WARN_64_TO_32_BIT_CONVERSION = YES;
				GCC_WARN_ABOUT_RETURN_TYPE = YES_ERROR;
				GCC_WARN_UNDECLARED_SELECTOR = YES;
				GCC_WARN_UNINITIALIZED_AUTOS = YES_AGGRESSIVE;
				GCC_WARN_UNUSED_FUNCTION = YES;
				GCC_WARN_UNUSED_VARIABLE = YES;
				IPHONEOS_DEPLOYMENT_TARGET = 15.0;
				MTL_ENABLE_DEBUG_INFO = NO;
				MTL_FAST_MATH = YES;
				SDKROOT = iphoneos;
				SWIFT_COMPILATION_MODE = wholemodule;
				SWIFT_OPTIMIZATION_LEVEL = "-O";
				VALIDATE_PRODUCT = YES;
			};
			name = Release;
		};
		C978BA61271C0E1800D0818D /* Debug */ = {
			isa = XCBuildConfiguration;
			buildSettings = {
				ASSETCATALOG_COMPILER_APPICON_NAME = AppIcon;
				ASSETCATALOG_COMPILER_GLOBAL_ACCENT_COLOR_NAME = AccentColor;
				CODE_SIGN_STYLE = Automatic;
				CURRENT_PROJECT_VERSION = 1;
				DEVELOPMENT_TEAM = UR32GJ5485;
				GENERATE_INFOPLIST_FILE = YES;
				INFOPLIST_FILE = day16/Info.plist;
				INFOPLIST_KEY_UIApplicationSupportsIndirectInputEvents = YES;
				INFOPLIST_KEY_UILaunchStoryboardName = LaunchScreen;
				INFOPLIST_KEY_UIMainStoryboardFile = Main;
				INFOPLIST_KEY_UISupportedInterfaceOrientations_iPad = "UIInterfaceOrientationPortrait UIInterfaceOrientationPortraitUpsideDown UIInterfaceOrientationLandscapeLeft UIInterfaceOrientationLandscapeRight";
				INFOPLIST_KEY_UISupportedInterfaceOrientations_iPhone = "UIInterfaceOrientationPortrait UIInterfaceOrientationLandscapeLeft UIInterfaceOrientationLandscapeRight";
				LD_RUNPATH_SEARCH_PATHS = (
					"$(inherited)",
					"@executable_path/Frameworks",
				);
				MARKETING_VERSION = 1.0;
				PRODUCT_BUNDLE_IDENTIFIER = com.amal.day16;
				PRODUCT_NAME = "$(TARGET_NAME)";
				SWIFT_EMIT_LOC_STRINGS = YES;
				SWIFT_VERSION = 5.0;
				TARGETED_DEVICE_FAMILY = "1,2";
			};
			name = Debug;
		};
		C978BA62271C0E1800D0818D /* Release */ = {
			isa = XCBuildConfiguration;
			buildSettings = {
				ASSETCATALOG_COMPILER_APPICON_NAME = AppIcon;
				ASSETCATALOG_COMPILER_GLOBAL_ACCENT_COLOR_NAME = AccentColor;
				CODE_SIGN_STYLE = Automatic;
				CURRENT_PROJECT_VERSION = 1;
				DEVELOPMENT_TEAM = UR32GJ5485;
				GENERATE_INFOPLIST_FILE = YES;
				INFOPLIST_FILE = day16/Info.plist;
				INFOPLIST_KEY_UIApplicationSupportsIndirectInputEvents = YES;
				INFOPLIST_KEY_UILaunchStoryboardName = LaunchScreen;
				INFOPLIST_KEY_UIMainStoryboardFile = Main;
				INFOPLIST_KEY_UISupportedInterfaceOrientations_iPad = "UIInterfaceOrientationPortrait UIInterfaceOrientationPortraitUpsideDown UIInterfaceOrientationLandscapeLeft UIInterfaceOrientationLandscapeRight";
				INFOPLIST_KEY_UISupportedInterfaceOrientations_iPhone = "UIInterfaceOrientationPortrait UIInterfaceOrientationLandscapeLeft UIInterfaceOrientationLandscapeRight";
				LD_RUNPATH_SEARCH_PATHS = (
					"$(inherited)",
					"@executable_path/Frameworks",
				);
				MARKETING_VERSION = 1.0;
				PRODUCT_BUNDLE_IDENTIFIER = com.amal.day16;
				PRODUCT_NAME = "$(TARGET_NAME)";
				SWIFT_EMIT_LOC_STRINGS = YES;
				SWIFT_VERSION = 5.0;
				TARGETED_DEVICE_FAMILY = "1,2";
			};
			name = Release;
		};
/* End XCBuildConfiguration section */

/* Begin XCConfigurationList section */
		C978BA47271C0E1600D0818D /* Build configuration list for PBXProject "day16" */ = {
			isa = XCConfigurationList;
			buildConfigurations = (
				C978BA5E271C0E1800D0818D /* Debug */,
				C978BA5F271C0E1800D0818D /* Release */,
			);
			defaultConfigurationIsVisible = 0;
			defaultConfigurationName = Release;
		};
		C978BA60271C0E1800D0818D /* Build configuration list for PBXNativeTarget "day16" */ = {
			isa = XCConfigurationList;
			buildConfigurations = (
				C978BA61271C0E1800D0818D /* Debug */,
				C978BA62271C0E1800D0818D /* Release */,
			);
			defaultConfigurationIsVisible = 0;
			defaultConfigurationName = Release;
		};
/* End XCConfigurationList section */
	};
	rootObject = C978BA44271C0E1600D0818D /* Project object */;
}
